// !$*UTF8*$!
{
	archiveVersion = 1;
	classes = {
	};
	objectVersion = 55;
	objects = {

/* Begin PBXBuildFile section */
		F05D4D8828C3FD8100712DC1 /* AppDelegate.m in Sources */ = {isa = PBXBuildFile; fileRef = F05D4D8728C3FD8100712DC1 /* AppDelegate.m */; };
		F05D4D8B28C3FD8100712DC1 /* SceneDelegate.m in Sources */ = {isa = PBXBuildFile; fileRef = F05D4D8A28C3FD8100712DC1 /* SceneDelegate.m */; };
		F05D4D8E28C3FD8100712DC1 /* ViewController.m in Sources */ = {isa = PBXBuildFile; fileRef = F05D4D8D28C3FD8100712DC1 /* ViewController.m */; };
		F05D4D9128C3FD8100712DC1 /* Main.storyboard in Resources */ = {isa = PBXBuildFile; fileRef = F05D4D8F28C3FD8100712DC1 /* Main.storyboard */; };
		F05D4D9328C3FD8400712DC1 /* Assets.xcassets in Resources */ = {isa = PBXBuildFile; fileRef = F05D4D9228C3FD8400712DC1 /* Assets.xcassets */; };
		F05D4D9628C3FD8400712DC1 /* LaunchScreen.storyboard in Resources */ = {isa = PBXBuildFile; fileRef = F05D4D9428C3FD8400712DC1 /* LaunchScreen.storyboard */; };
		F05D4D9928C3FD8400712DC1 /* main.m in Sources */ = {isa = PBXBuildFile; fileRef = F05D4D9828C3FD8400712DC1 /* main.m */; };
		F05D4DA628C4014300712DC1 /* LibSSH.xcframework in Frameworks */ = {isa = PBXBuildFile; fileRef = F05D4DA128C400F400712DC1 /* LibSSH.xcframework */; };
		F05D4DAB28C4023A00712DC1 /* OpenSSH.xcframework in Frameworks */ = {isa = PBXBuildFile; fileRef = F05D4DA928C4023100712DC1 /* OpenSSH.xcframework */; };
		F05D4DB828C4064B00712DC1 /* libz.tbd in Frameworks */ = {isa = PBXBuildFile; fileRef = F05D4DB728C4064B00712DC1 /* libz.tbd */; };
		F05D4DB928C40F4700712DC1 /* openssl.xcframework in Frameworks */ = {isa = PBXBuildFile; fileRef = F05D4DAD28C4026100712DC1 /* openssl.xcframework */; };
		F05D4DBA28C40F4700712DC1 /* openssl.xcframework in Embed Frameworks */ = {isa = PBXBuildFile; fileRef = F05D4DAD28C4026100712DC1 /* openssl.xcframework */; settings = {ATTRIBUTES = (CodeSignOnCopy, RemoveHeadersOnCopy, ); }; };
		F0E274F828CD56510076EEA0 /* correct.wav in Resources */ = {isa = PBXBuildFile; fileRef = F0E274F728CD56510076EEA0 /* correct.wav */; };
/* End PBXBuildFile section */

/* Begin PBXCopyFilesBuildPhase section */
		F05D4DBB28C40F4700712DC1 /* Embed Frameworks */ = {
			isa = PBXCopyFilesBuildPhase;
			buildActionMask = 2147483647;
			dstPath = "";
			dstSubfolderSpec = 10;
			files = (
				F05D4DBA28C40F4700712DC1 /* openssl.xcframework in Embed Frameworks */,
			);
			name = "Embed Frameworks";
			runOnlyForDeploymentPostprocessing = 0;
		};
/* End PBXCopyFilesBuildPhase section */

/* Begin PBXFileReference section */
		F05D4D8328C3FD8100712DC1 /* iOSTerminal.app */ = {isa = PBXFileReference; explicitFileType = wrapper.application; includeInIndex = 0; path = iOSTerminal.app; sourceTree = BUILT_PRODUCTS_DIR; };
		F05D4D8628C3FD8100712DC1 /* AppDelegate.h */ = {isa = PBXFileReference; lastKnownFileType = sourcecode.c.h; path = AppDelegate.h; sourceTree = "<group>"; };
		F05D4D8728C3FD8100712DC1 /* AppDelegate.m */ = {isa = PBXFileReference; lastKnownFileType = sourcecode.c.objc; path = AppDelegate.m; sourceTree = "<group>"; };
		F05D4D8928C3FD8100712DC1 /* SceneDelegate.h */ = {isa = PBXFileReference; lastKnownFileType = sourcecode.c.h; path = SceneDelegate.h; sourceTree = "<group>"; };
		F05D4D8A28C3FD8100712DC1 /* SceneDelegate.m */ = {isa = PBXFileReference; lastKnownFileType = sourcecode.c.objc; path = SceneDelegate.m; sourceTree = "<group>"; };
		F05D4D8C28C3FD8100712DC1 /* ViewController.h */ = {isa = PBXFileReference; lastKnownFileType = sourcecode.c.h; path = ViewController.h; sourceTree = "<group>"; };
		F05D4D8D28C3FD8100712DC1 /* ViewController.m */ = {isa = PBXFileReference; lastKnownFileType = sourcecode.c.objc; path = ViewController.m; sourceTree = "<group>"; };
		F05D4D9028C3FD8100712DC1 /* Base */ = {isa = PBXFileReference; lastKnownFileType = file.storyboard; name = Base; path = Base.lproj/Main.storyboard; sourceTree = "<group>"; };
		F05D4D9228C3FD8400712DC1 /* Assets.xcassets */ = {isa = PBXFileReference; lastKnownFileType = folder.assetcatalog; path = Assets.xcassets; sourceTree = "<group>"; };
		F05D4D9528C3FD8400712DC1 /* Base */ = {isa = PBXFileReference; lastKnownFileType = file.storyboard; name = Base; path = Base.lproj/LaunchScreen.storyboard; sourceTree = "<group>"; };
		F05D4D9728C3FD8400712DC1 /* Info.plist */ = {isa = PBXFileReference; lastKnownFileType = text.plist.xml; path = Info.plist; sourceTree = "<group>"; };
		F05D4D9828C3FD8400712DC1 /* main.m */ = {isa = PBXFileReference; lastKnownFileType = sourcecode.c.objc; path = main.m; sourceTree = "<group>"; };
		F05D4DA128C400F400712DC1 /* LibSSH.xcframework */ = {isa = PBXFileReference; lastKnownFileType = wrapper.xcframework; path = LibSSH.xcframework; sourceTree = "<group>"; };
		F05D4DA928C4023100712DC1 /* OpenSSH.xcframework */ = {isa = PBXFileReference; lastKnownFileType = wrapper.xcframework; path = OpenSSH.xcframework; sourceTree = "<group>"; };
		F05D4DAD28C4026100712DC1 /* openssl.xcframework */ = {isa = PBXFileReference; lastKnownFileType = wrapper.xcframework; path = openssl.xcframework; sourceTree = "<group>"; };
		F05D4DB728C4064B00712DC1 /* libz.tbd */ = {isa = PBXFileReference; lastKnownFileType = "sourcecode.text-based-dylib-definition"; name = libz.tbd; path = usr/lib/libz.tbd; sourceTree = SDKROOT; };
		F05D4DBC28C97BCB00712DC1 /* iOSTerminal.entitlements */ = {isa = PBXFileReference; lastKnownFileType = text.plist.entitlements; path = iOSTerminal.entitlements; sourceTree = "<group>"; };
		F0E274F728CD56510076EEA0 /* correct.wav */ = {isa = PBXFileReference; lastKnownFileType = audio.wav; path = correct.wav; sourceTree = "<group>"; };
/* End PBXFileReference section */

/* Begin PBXFrameworksBuildPhase section */
		F05D4D8028C3FD8100712DC1 /* Frameworks */ = {
			isa = PBXFrameworksBuildPhase;
			buildActionMask = 2147483647;
			files = (
				F05D4DB828C4064B00712DC1 /* libz.tbd in Frameworks */,
				F05D4DAB28C4023A00712DC1 /* OpenSSH.xcframework in Frameworks */,
				F05D4DB928C40F4700712DC1 /* openssl.xcframework in Frameworks */,
				F05D4DA628C4014300712DC1 /* LibSSH.xcframework in Frameworks */,
			);
			runOnlyForDeploymentPostprocessing = 0;
		};
/* End PBXFrameworksBuildPhase section */

/* Begin PBXGroup section */
		F05D4D7A28C3FD8100712DC1 = {
			isa = PBXGroup;
			children = (
				F05D4D8528C3FD8100712DC1 /* iOSTerminal */,
				F05D4D8428C3FD8100712DC1 /* Products */,
				F05D4DB128C403FB00712DC1 /* Frameworks */,
			);
			sourceTree = "<group>";
		};
		F05D4D8428C3FD8100712DC1 /* Products */ = {
			isa = PBXGroup;
			children = (
				F05D4D8328C3FD8100712DC1 /* iOSTerminal.app */,
			);
			name = Products;
			sourceTree = "<group>";
		};
		F05D4D8528C3FD8100712DC1 /* iOSTerminal */ = {
			isa = PBXGroup;
			children = (
				F0E274F728CD56510076EEA0 /* correct.wav */,
				F05D4DBC28C97BCB00712DC1 /* iOSTerminal.entitlements */,
				F05D4D8628C3FD8100712DC1 /* AppDelegate.h */,
				F05D4D8728C3FD8100712DC1 /* AppDelegate.m */,
				F05D4D8928C3FD8100712DC1 /* SceneDelegate.h */,
				F05D4D8A28C3FD8100712DC1 /* SceneDelegate.m */,
				F05D4D8C28C3FD8100712DC1 /* ViewController.h */,
				F05D4D8D28C3FD8100712DC1 /* ViewController.m */,
				F05D4D8F28C3FD8100712DC1 /* Main.storyboard */,
				F05D4DAD28C4026100712DC1 /* openssl.xcframework */,
				F05D4D9228C3FD8400712DC1 /* Assets.xcassets */,
				F05D4D9428C3FD8400712DC1 /* LaunchScreen.storyboard */,
				F05D4D9728C3FD8400712DC1 /* Info.plist */,
				F05D4D9828C3FD8400712DC1 /* main.m */,
				F05D4DA928C4023100712DC1 /* OpenSSH.xcframework */,
				F05D4DA128C400F400712DC1 /* LibSSH.xcframework */,
			);
			path = iOSTerminal;
			sourceTree = "<group>";
		};
		F05D4DB128C403FB00712DC1 /* Frameworks */ = {
			isa = PBXGroup;
			children = (
				F05D4DB728C4064B00712DC1 /* libz.tbd */,
			);
			name = Frameworks;
			sourceTree = "<group>";
		};
/* End PBXGroup section */

/* Begin PBXNativeTarget section */
		F05D4D8228C3FD8100712DC1 /* iOSTerminal */ = {
			isa = PBXNativeTarget;
			buildConfigurationList = F05D4D9C28C3FD8400712DC1 /* Build configuration list for PBXNativeTarget "iOSTerminal" */;
			buildPhases = (
				F05D4D7F28C3FD8100712DC1 /* Sources */,
				F05D4D8028C3FD8100712DC1 /* Frameworks */,
				F05D4D8128C3FD8100712DC1 /* Resources */,
				F05D4DBB28C40F4700712DC1 /* Embed Frameworks */,
			);
			buildRules = (
			);
			dependencies = (
			);
			name = iOSTerminal;
			productName = iOSTerminal;
			productReference = F05D4D8328C3FD8100712DC1 /* iOSTerminal.app */;
			productType = "com.apple.product-type.application";
		};
/* End PBXNativeTarget section */

/* Begin PBXProject section */
		F05D4D7B28C3FD8100712DC1 /* Project object */ = {
			isa = PBXProject;
			attributes = {
				BuildIndependentTargetsInParallel = 1;
				LastUpgradeCheck = 1340;
				TargetAttributes = {
					F05D4D8228C3FD8100712DC1 = {
						CreatedOnToolsVersion = 13.4.1;
						LastSwiftMigration = 1340;
					};
				};
			};
			buildConfigurationList = F05D4D7E28C3FD8100712DC1 /* Build configuration list for PBXProject "iOSTerminal" */;
			compatibilityVersion = "Xcode 13.0";
			developmentRegion = en;
			hasScannedForEncodings = 0;
			knownRegions = (
				en,
				Base,
			);
			mainGroup = F05D4D7A28C3FD8100712DC1;
			productRefGroup = F05D4D8428C3FD8100712DC1 /* Products */;
			projectDirPath = "";
			projectRoot = "";
			targets = (
				F05D4D8228C3FD8100712DC1 /* iOSTerminal */,
			);
		};
/* End PBXProject section */

/* Begin PBXResourcesBuildPhase section */
		F05D4D8128C3FD8100712DC1 /* Resources */ = {
			isa = PBXResourcesBuildPhase;
			buildActionMask = 2147483647;
			files = (
				F05D4D9628C3FD8400712DC1 /* LaunchScreen.storyboard in Resources */,
				F05D4D9328C3FD8400712DC1 /* Assets.xcassets in Resources */,
				F0E274F828CD56510076EEA0 /* correct.wav in Resources */,
				F05D4D9128C3FD8100712DC1 /* Main.storyboard in Resources */,
			);
			runOnlyForDeploymentPostprocessing = 0;
		};
/* End PBXResourcesBuildPhase section */

/* Begin PBXSourcesBuildPhase section */
		F05D4D7F28C3FD8100712DC1 /* Sources */ = {
			isa = PBXSourcesBuildPhase;
			buildActionMask = 2147483647;
			files = (
				F05D4D8E28C3FD8100712DC1 /* ViewController.m in Sources */,
				F05D4D8828C3FD8100712DC1 /* AppDelegate.m in Sources */,
				F05D4D9928C3FD8400712DC1 /* main.m in Sources */,
				F05D4D8B28C3FD8100712DC1 /* SceneDelegate.m in Sources */,
			);
			runOnlyForDeploymentPostprocessing = 0;
		};
/* End PBXSourcesBuildPhase section */

/* Begin PBXVariantGroup section */
		F05D4D8F28C3FD8100712DC1 /* Main.storyboard */ = {
			isa = PBXVariantGroup;
			children = (
				F05D4D9028C3FD8100712DC1 /* Base */,
			);
			name = Main.storyboard;
			sourceTree = "<group>";
		};
		F05D4D9428C3FD8400712DC1 /* LaunchScreen.storyboard */ = {
			isa = PBXVariantGroup;
			children = (
				F05D4D9528C3FD8400712DC1 /* Base */,
			);
			name = LaunchScreen.storyboard;
			sourceTree = "<group>";
		};
/* End PBXVariantGroup section */

/* Begin XCBuildConfiguration section */
		F05D4D9A28C3FD8400712DC1 /* Debug */ = {
			isa = XCBuildConfiguration;
			buildSettings = {
				ALWAYS_SEARCH_USER_PATHS = NO;
				CLANG_ANALYZER_NONNULL = YES;
				CLANG_ANALYZER_NUMBER_OBJECT_CONVERSION = YES_AGGRESSIVE;
				CLANG_CXX_LANGUAGE_STANDARD = "gnu++17";
				CLANG_ENABLE_MODULES = YES;
				CLANG_ENABLE_OBJC_ARC = YES;
				CLANG_ENABLE_OBJC_WEAK = YES;
				CLANG_WARN_BLOCK_CAPTURE_AUTORELEASING = YES;
				CLANG_WARN_BOOL_CONVERSION = YES;
				CLANG_WARN_COMMA = YES;
				CLANG_WARN_CONSTANT_CONVERSION = YES;
				CLANG_WARN_DEPRECATED_OBJC_IMPLEMENTATIONS = YES;
				CLANG_WARN_DIRECT_OBJC_ISA_USAGE = YES_ERROR;
				CLANG_WARN_DOCUMENTATION_COMMENTS = YES;
				CLANG_WARN_EMPTY_BODY = YES;
				CLANG_WARN_ENUM_CONVERSION = YES;
				CLANG_WARN_INFINITE_RECURSION = YES;
				CLANG_WARN_INT_CONVERSION = YES;
				CLANG_WARN_NON_LITERAL_NULL_CONVERSION = YES;
				CLANG_WARN_OBJC_IMPLICIT_RETAIN_SELF = YES;
				CLANG_WARN_OBJC_LITERAL_CONVERSION = YES;
				CLANG_WARN_OBJC_ROOT_CLASS = YES_ERROR;
				CLANG_WARN_QUOTED_INCLUDE_IN_FRAMEWORK_HEADER = YES;
				CLANG_WARN_RANGE_LOOP_ANALYSIS = YES;
				CLANG_WARN_STRICT_PROTOTYPES = YES;
				CLANG_WARN_SUSPICIOUS_MOVE = YES;
				CLANG_WARN_UNGUARDED_AVAILABILITY = YES_AGGRESSIVE;
				CLANG_WARN_UNREACHABLE_CODE = YES;
				CLANG_WARN__DUPLICATE_METHOD_MATCH = YES;
				COPY_PHASE_STRIP = NO;
				DEBUG_INFORMATION_FORMAT = dwarf;
				ENABLE_STRICT_OBJC_MSGSEND = YES;
				ENABLE_TESTABILITY = YES;
				GCC_C_LANGUAGE_STANDARD = gnu11;
				GCC_DYNAMIC_NO_PIC = NO;
				GCC_NO_COMMON_BLOCKS = YES;
				GCC_OPTIMIZATION_LEVEL = 0;
				GCC_PREPROCESSOR_DEFINITIONS = (
					"DEBUG=1",
					"$(inherited)",
				);
				GCC_WARN_64_TO_32_BIT_CONVERSION = YES;
				GCC_WARN_ABOUT_RETURN_TYPE = YES_ERROR;
				GCC_WARN_UNDECLARED_SELECTOR = YES;
				GCC_WARN_UNINITIALIZED_AUTOS = YES_AGGRESSIVE;
				GCC_WARN_UNUSED_FUNCTION = YES;
				GCC_WARN_UNUSED_VARIABLE = YES;
				IPHONEOS_DEPLOYMENT_TARGET = 15.5;
				MTL_ENABLE_DEBUG_INFO = INCLUDE_SOURCE;
				MTL_FAST_MATH = YES;
				ONLY_ACTIVE_ARCH = YES;
				SDKROOT = iphoneos;
			};
			name = Debug;
		};
		F05D4D9B28C3FD8400712DC1 /* Release */ = {
			isa = XCBuildConfiguration;
			buildSettings = {
				ALWAYS_SEARCH_USER_PATHS = NO;
				CLANG_ANALYZER_NONNULL = YES;
				CLANG_ANALYZER_NUMBER_OBJECT_CONVERSION = YES_AGGRESSIVE;
				CLANG_CXX_LANGUAGE_STANDARD = "gnu++17";
				CLANG_ENABLE_MODULES = YES;
				CLANG_ENABLE_OBJC_ARC = YES;
				CLANG_ENABLE_OBJC_WEAK = YES;
				CLANG_WARN_BLOCK_CAPTURE_AUTORELEASING = YES;
				CLANG_WARN_BOOL_CONVERSION = YES;
				CLANG_WARN_COMMA = YES;
				CLANG_WARN_CONSTANT_CONVERSION = YES;
				CLANG_WARN_DEPRECATED_OBJC_IMPLEMENTATIONS = YES;
				CLANG_WARN_DIRECT_OBJC_ISA_USAGE = YES_ERROR;
				CLANG_WARN_DOCUMENTATION_COMMENTS = YES;
				CLANG_WARN_EMPTY_BODY = YES;
				CLANG_WARN_ENUM_CONVERSION = YES;
				CLANG_WARN_INFINITE_RECURSION = YES;
				CLANG_WARN_INT_CONVERSION = YES;
				CLANG_WARN_NON_LITERAL_NULL_CONVERSION = YES;
				CLANG_WARN_OBJC_IMPLICIT_RETAIN_SELF = YES;
				CLANG_WARN_OBJC_LITERAL_CONVERSION = YES;
				CLANG_WARN_OBJC_ROOT_CLASS = YES_ERROR;
				CLANG_WARN_QUOTED_INCLUDE_IN_FRAMEWORK_HEADER = YES;
				CLANG_WARN_RANGE_LOOP_ANALYSIS = YES;
				CLANG_WARN_STRICT_PROTOTYPES = YES;
				CLANG_WARN_SUSPICIOUS_MOVE = YES;
				CLANG_WARN_UNGUARDED_AVAILABILITY = YES_AGGRESSIVE;
				CLANG_WARN_UNREACHABLE_CODE = YES;
				CLANG_WARN__DUPLICATE_METHOD_MATCH = YES;
				COPY_PHASE_STRIP = NO;
				DEBUG_INFORMATION_FORMAT = "dwarf-with-dsym";
				ENABLE_NS_ASSERTIONS = NO;
				ENABLE_STRICT_OBJC_MSGSEND = YES;
				GCC_C_LANGUAGE_STANDARD = gnu11;
				GCC_NO_COMMON_BLOCKS = YES;
				GCC_WARN_64_TO_32_BIT_CONVERSION = YES;
				GCC_WARN_ABOUT_RETURN_TYPE = YES_ERROR;
				GCC_WARN_UNDECLARED_SELECTOR = YES;
				GCC_WARN_UNINITIALIZED_AUTOS = YES_AGGRESSIVE;
				GCC_WARN_UNUSED_FUNCTION = YES;
				GCC_WARN_UNUSED_VARIABLE = YES;
				IPHONEOS_DEPLOYMENT_TARGET = 15.5;
				MTL_ENABLE_DEBUG_INFO = NO;
				MTL_FAST_MATH = YES;
				SDKROOT = iphoneos;
				VALIDATE_PRODUCT = YES;
			};
			name = Release;
		};
		F05D4D9D28C3FD8400712DC1 /* Debug */ = {
			isa = XCBuildConfiguration;
			buildSettings = {
				ASSETCATALOG_COMPILER_APPICON_NAME = AppIcon;
				ASSETCATALOG_COMPILER_GLOBAL_ACCENT_COLOR_NAME = AccentColor;
				CLANG_ENABLE_MODULES = YES;
				CODE_SIGN_ENTITLEMENTS = iOSTerminal/iOSTerminal.entitlements;
				CODE_SIGN_IDENTITY = "Apple Development";
				CODE_SIGN_STYLE = Automatic;
				CURRENT_PROJECT_VERSION = 1;
				DEVELOPMENT_TEAM = KM96MU7G7A;
				GENERATE_INFOPLIST_FILE = YES;
				INFOPLIST_FILE = iOSTerminal/Info.plist;
				INFOPLIST_KEY_UIApplicationSupportsIndirectInputEvents = YES;
				INFOPLIST_KEY_UILaunchStoryboardName = LaunchScreen;
				INFOPLIST_KEY_UIMainStoryboardFile = Main;
				INFOPLIST_KEY_UISupportedInterfaceOrientations_iPad = "UIInterfaceOrientationPortrait UIInterfaceOrientationPortraitUpsideDown UIInterfaceOrientationLandscapeLeft UIInterfaceOrientationLandscapeRight";
				INFOPLIST_KEY_UISupportedInterfaceOrientations_iPhone = "UIInterfaceOrientationPortrait UIInterfaceOrientationLandscapeLeft UIInterfaceOrientationLandscapeRight";
				LD_RUNPATH_SEARCH_PATHS = (
					"$(inherited)",
					"@executable_path/Frameworks",
				);
				MARKETING_VERSION = 1.0;
				PRODUCT_BUNDLE_IDENTIFIER = com.joeleinbinder.iOSTerminal;
				PRODUCT_NAME = "$(TARGET_NAME)";
				PROVISIONING_PROFILE_SPECIFIER = "";
				SWIFT_EMIT_LOC_STRINGS = YES;
				SWIFT_OPTIMIZATION_LEVEL = "-Onone";
				SWIFT_VERSION = 5.0;
				TARGETED_DEVICE_FAMILY = "1,2";
			};
			name = Debug;
		};
		F05D4D9E28C3FD8400712DC1 /* Release */ = {
			isa = XCBuildConfiguration;
			buildSettings = {
				ASSETCATALOG_COMPILER_APPICON_NAME = AppIcon;
				ASSETCATALOG_COMPILER_GLOBAL_ACCENT_COLOR_NAME = AccentColor;
				CLANG_ENABLE_MODULES = YES;
				CODE_SIGN_ENTITLEMENTS = iOSTerminal/iOSTerminal.entitlements;
				CODE_SIGN_IDENTITY = "Apple Development";
				CODE_SIGN_STYLE = Automatic;
				CURRENT_PROJECT_VERSION = 1;
				DEVELOPMENT_TEAM = KM96MU7G7A;
				GENERATE_INFOPLIST_FILE = YES;
				INFOPLIST_FILE = iOSTerminal/Info.plist;
				INFOPLIST_KEY_UIApplicationSupportsIndirectInputEvents = YES;
				INFOPLIST_KEY_UILaunchStoryboardName = LaunchScreen;
				INFOPLIST_KEY_UIMainStoryboardFile = Main;
				INFOPLIST_KEY_UISupportedInterfaceOrientations_iPad = "UIInterfaceOrientationPortrait UIInterfaceOrientationPortraitUpsideDown UIInterfaceOrientationLandscapeLeft UIInterfaceOrientationLandscapeRight";
				INFOPLIST_KEY_UISupportedInterfaceOrientations_iPhone = "UIInterfaceOrientationPortrait UIInterfaceOrientationLandscapeLeft UIInterfaceOrientationLandscapeRight";
				LD_RUNPATH_SEARCH_PATHS = (
					"$(inherited)",
					"@executable_path/Frameworks",
				);
				MARKETING_VERSION = 1.0;
				PRODUCT_BUNDLE_IDENTIFIER = com.joeleinbinder.iOSTerminal;
				PRODUCT_NAME = "$(TARGET_NAME)";
				PROVISIONING_PROFILE_SPECIFIER = "";
				SWIFT_EMIT_LOC_STRINGS = YES;
				SWIFT_VERSION = 5.0;
				TARGETED_DEVICE_FAMILY = "1,2";
			};
			name = Release;
		};
/* End XCBuildConfiguration section */

/* Begin XCConfigurationList section */
		F05D4D7E28C3FD8100712DC1 /* Build configuration list for PBXProject "iOSTerminal" */ = {
			isa = XCConfigurationList;
			buildConfigurations = (
				F05D4D9A28C3FD8400712DC1 /* Debug */,
				F05D4D9B28C3FD8400712DC1 /* Release */,
			);
			defaultConfigurationIsVisible = 0;
			defaultConfigurationName = Release;
		};
		F05D4D9C28C3FD8400712DC1 /* Build configuration list for PBXNativeTarget "iOSTerminal" */ = {
			isa = XCConfigurationList;
			buildConfigurations = (
				F05D4D9D28C3FD8400712DC1 /* Debug */,
				F05D4D9E28C3FD8400712DC1 /* Release */,
			);
			defaultConfigurationIsVisible = 0;
			defaultConfigurationName = Release;
		};
/* End XCConfigurationList section */
	};
	rootObject = F05D4D7B28C3FD8100712DC1 /* Project object */;
}
